
Microsoft Visual Studio Solution File, Format Version 12.00
# Visual Studio Version 17
VisualStudioVersion = 17.8.34330.188
MinimumVisualStudioVersion = 10.0.40219.1
Project("{FAE04EC0-301F-11D3-BF4B-00C04F79EFBC}") = "ScapeCore.Traceability", "ScapeCore.Traceability.csproj", "{A154EC11-8D87-4CA8-AB65-B45FA336FBCC}"
EndProject
Global
	GlobalSection(SolutionConfigurationPlatforms) = preSolution
		Debug|Any CPU = Debug|Any CPU
		Release|Any CPU = Release|Any CPU
	EndGlobalSection
	GlobalSection(ProjectConfigurationPlatforms) = postSolution
		{A154EC11-8D87-4CA8-AB65-B45FA336FBCC}.Debug|Any CPU.ActiveCfg = Debug|Any CPU
		{A154EC11-8D87-4CA8-AB65-B45FA336FBCC}.Debug|Any CPU.Build.0 = Debug|Any CPU
		{A154EC11-8D87-4CA8-AB65-B45FA336FBCC}.Release|Any CPU.ActiveCfg = Release|Any CPU
		{A154EC11-8D87-4CA8-AB65-B45FA336FBCC}.Release|Any CPU.Build.0 = Release|Any CPU
	EndGlobalSection
	GlobalSection(SolutionProperties) = preSolution
		HideSolutionNode = FALSE
	EndGlobalSection
	GlobalSection(ExtensibilityGlobals) = postSolution
		SolutionGuid = {58F75820-200B-4FF3-A922-A76605E2B953}
	EndGlobalSection
EndGlobal
