
Microsoft Visual Studio Solution File, Format Version 12.00
# Visual Studio Version 17
VisualStudioVersion = 17.0.31903.59
MinimumVisualStudioVersion = 10.0.40219.1
Project("{9A19103F-16F7-4668-BE54-9A1E7A4F7556}") = "Traceability", "Traceability.csproj", "{4F6A03AB-44C8-447B-A6DD-409E20190377}"
EndProject
Global
	GlobalSection(SolutionConfigurationPlatforms) = preSolution
		Debug|Any CPU = Debug|Any CPU
		Release|Any CPU = Release|Any CPU
	EndGlobalSection
	GlobalSection(ProjectConfigurationPlatforms) = postSolution
		{4F6A03AB-44C8-447B-A6DD-409E20190377}.Debug|Any CPU.ActiveCfg = Debug|Any CPU
		{4F6A03AB-44C8-447B-A6DD-409E20190377}.Debug|Any CPU.Build.0 = Debug|Any CPU
		{4F6A03AB-44C8-447B-A6DD-409E20190377}.Release|Any CPU.ActiveCfg = Release|Any CPU
		{4F6A03AB-44C8-447B-A6DD-409E20190377}.Release|Any CPU.Build.0 = Release|Any CPU
	EndGlobalSection
	GlobalSection(SolutionProperties) = preSolution
		HideSolutionNode = FALSE
	EndGlobalSection
	GlobalSection(ExtensibilityGlobals) = postSolution
		SolutionGuid = {46541B27-0EA2-441D-815A-AC84C03A922B}
	EndGlobalSection
EndGlobal
